// !$*UTF8*$!
{
	archiveVersion = 1;
	classes = {
	};
	objectVersion = 46;
	objects = {

/* Begin PBXBuildFile section */
		A209F06C1AFDE889003BEC27 /* Parse.framework in Frameworks */ = {isa = PBXBuildFile; fileRef = A209F06B1AFDE889003BEC27 /* Parse.framework */; };
		A22E67331AFDC3080075DE37 /* Reachability.m in Sources */ = {isa = PBXBuildFile; fileRef = A22E67321AFDC3080075DE37 /* Reachability.m */; };
		A26C315D1AFC6F8100D27059 /* ChatViewController.m in Sources */ = {isa = PBXBuildFile; fileRef = A26C315C1AFC6F8100D27059 /* ChatViewController.m */; };
		A26C31611AFC6FEB00D27059 /* ChatCell.m in Sources */ = {isa = PBXBuildFile; fileRef = A26C315F1AFC6FEB00D27059 /* ChatCell.m */; };
		A271E5211AFB4BD200106277 /* main.m in Sources */ = {isa = PBXBuildFile; fileRef = A271E5201AFB4BD200106277 /* main.m */; };
		A271E5241AFB4BD200106277 /* AppDelegate.m in Sources */ = {isa = PBXBuildFile; fileRef = A271E5231AFB4BD200106277 /* AppDelegate.m */; };
		A271E5271AFB4BD200106277 /* HomeViewController.m in Sources */ = {isa = PBXBuildFile; fileRef = A271E5261AFB4BD200106277 /* HomeViewController.m */; };
		A271E52A1AFB4BD200106277 /* Main.storyboard in Resources */ = {isa = PBXBuildFile; fileRef = A271E5281AFB4BD200106277 /* Main.storyboard */; };
		A271E52C1AFB4BD200106277 /* Images.xcassets in Resources */ = {isa = PBXBuildFile; fileRef = A271E52B1AFB4BD200106277 /* Images.xcassets */; };
		A271E52F1AFB4BD200106277 /* LaunchScreen.xib in Resources */ = {isa = PBXBuildFile; fileRef = A271E52D1AFB4BD200106277 /* LaunchScreen.xib */; };
		A271E53B1AFB4BD200106277 /* Realm_ChatTests.m in Sources */ = {isa = PBXBuildFile; fileRef = A271E53A1AFB4BD200106277 /* Realm_ChatTests.m */; };
		A2BC0B2C1AFB4FD50082ADF3 /* Bolts.framework in Frameworks */ = {isa = PBXBuildFile; fileRef = A2BC0B2A1AFB4FD50082ADF3 /* Bolts.framework */; };
		A2BC0B441AFB50C50082ADF3 /* libsqlite3.dylib in Frameworks */ = {isa = PBXBuildFile; fileRef = A2BC0B421AFB507F0082ADF3 /* libsqlite3.dylib */; };
		A2BC0B451AFB50C50082ADF3 /* libz.1.1.3.dylib in Frameworks */ = {isa = PBXBuildFile; fileRef = A2BC0B401AFB50720082ADF3 /* libz.1.1.3.dylib */; };
		A2BC0B461AFB50C50082ADF3 /* SystemConfiguration.framework in Frameworks */ = {isa = PBXBuildFile; fileRef = A2BC0B3E1AFB50640082ADF3 /* SystemConfiguration.framework */; };
		A2BC0B471AFB50C50082ADF3 /* StoreKit.framework in Frameworks */ = {isa = PBXBuildFile; fileRef = A2BC0B3C1AFB50540082ADF3 /* StoreKit.framework */; };
		A2BC0B481AFB50C50082ADF3 /* Security.framework in Frameworks */ = {isa = PBXBuildFile; fileRef = A2BC0B3A1AFB504E0082ADF3 /* Security.framework */; };
		A2BC0B491AFB50C50082ADF3 /* QuartzCore.framework in Frameworks */ = {isa = PBXBuildFile; fileRef = A2BC0B381AFB50440082ADF3 /* QuartzCore.framework */; };
		A2BC0B4A1AFB50C50082ADF3 /* MobileCoreServices.framework in Frameworks */ = {isa = PBXBuildFile; fileRef = A2BC0B361AFB50390082ADF3 /* MobileCoreServices.framework */; };
		A2BC0B4B1AFB50C50082ADF3 /* CoreLocation.framework in Frameworks */ = {isa = PBXBuildFile; fileRef = A2BC0B341AFB502D0082ADF3 /* CoreLocation.framework */; };
		A2BC0B4C1AFB50C50082ADF3 /* CoreGraphics.framework in Frameworks */ = {isa = PBXBuildFile; fileRef = A2BC0B321AFB50280082ADF3 /* CoreGraphics.framework */; };
		A2BC0B4D1AFB50C50082ADF3 /* CFNetwork.framework in Frameworks */ = {isa = PBXBuildFile; fileRef = A2BC0B301AFB50200082ADF3 /* CFNetwork.framework */; };
		A2BC0B4E1AFB50C50082ADF3 /* AudioToolbox.framework in Frameworks */ = {isa = PBXBuildFile; fileRef = A2BC0B2E1AFB50140082ADF3 /* AudioToolbox.framework */; };
/* End PBXBuildFile section */

/* Begin PBXContainerItemProxy section */
		A271E5351AFB4BD200106277 /* PBXContainerItemProxy */ = {
			isa = PBXContainerItemProxy;
			containerPortal = A271E5131AFB4BD200106277 /* Project object */;
			proxyType = 1;
			remoteGlobalIDString = A271E51A1AFB4BD200106277;
			remoteInfo = "Realm Chat";
		};
/* End PBXContainerItemProxy section */

/* Begin PBXFileReference section */
		A209F06B1AFDE889003BEC27 /* Parse.framework */ = {isa = PBXFileReference; lastKnownFileType = wrapper.framework; path = Parse.framework; sourceTree = "<group>"; };
		A22E67311AFDC3080075DE37 /* Reachability.h */ = {isa = PBXFileReference; fileEncoding = 4; lastKnownFileType = sourcecode.c.h; path = Reachability.h; sourceTree = "<group>"; };
		A22E67321AFDC3080075DE37 /* Reachability.m */ = {isa = PBXFileReference; fileEncoding = 4; lastKnownFileType = sourcecode.c.objc; path = Reachability.m; sourceTree = "<group>"; };
		A26C315B1AFC6F8100D27059 /* ChatViewController.h */ = {isa = PBXFileReference; fileEncoding = 4; lastKnownFileType = sourcecode.c.h; path = ChatViewController.h; sourceTree = "<group>"; };
		A26C315C1AFC6F8100D27059 /* ChatViewController.m */ = {isa = PBXFileReference; fileEncoding = 4; lastKnownFileType = sourcecode.c.objc; path = ChatViewController.m; sourceTree = "<group>"; };
		A26C315E1AFC6FEB00D27059 /* ChatCell.h */ = {isa = PBXFileReference; fileEncoding = 4; lastKnownFileType = sourcecode.c.h; path = ChatCell.h; sourceTree = "<group>"; };
		A26C315F1AFC6FEB00D27059 /* ChatCell.m */ = {isa = PBXFileReference; fileEncoding = 4; lastKnownFileType = sourcecode.c.objc; path = ChatCell.m; sourceTree = "<group>"; };
		A271E51B1AFB4BD200106277 /* Realm Chat.app */ = {isa = PBXFileReference; explicitFileType = wrapper.application; includeInIndex = 0; path = "Realm Chat.app"; sourceTree = BUILT_PRODUCTS_DIR; };
		A271E51F1AFB4BD200106277 /* Info.plist */ = {isa = PBXFileReference; lastKnownFileType = text.plist.xml; path = Info.plist; sourceTree = "<group>"; };
		A271E5201AFB4BD200106277 /* main.m */ = {isa = PBXFileReference; lastKnownFileType = sourcecode.c.objc; path = main.m; sourceTree = "<group>"; };
		A271E5221AFB4BD200106277 /* AppDelegate.h */ = {isa = PBXFileReference; lastKnownFileType = sourcecode.c.h; path = AppDelegate.h; sourceTree = "<group>"; };
		A271E5231AFB4BD200106277 /* AppDelegate.m */ = {isa = PBXFileReference; lastKnownFileType = sourcecode.c.objc; path = AppDelegate.m; sourceTree = "<group>"; };
		A271E5251AFB4BD200106277 /* HomeViewController.h */ = {isa = PBXFileReference; lastKnownFileType = sourcecode.c.h; path = HomeViewController.h; sourceTree = "<group>"; };
		A271E5261AFB4BD200106277 /* HomeViewController.m */ = {isa = PBXFileReference; lastKnownFileType = sourcecode.c.objc; path = HomeViewController.m; sourceTree = "<group>"; };
		A271E5291AFB4BD200106277 /* Base */ = {isa = PBXFileReference; lastKnownFileType = file.storyboard; name = Base; path = Base.lproj/Main.storyboard; sourceTree = "<group>"; };
		A271E52B1AFB4BD200106277 /* Images.xcassets */ = {isa = PBXFileReference; lastKnownFileType = folder.assetcatalog; path = Images.xcassets; sourceTree = "<group>"; };
		A271E52E1AFB4BD200106277 /* Base */ = {isa = PBXFileReference; lastKnownFileType = file.xib; name = Base; path = Base.lproj/LaunchScreen.xib; sourceTree = "<group>"; };
		A271E5341AFB4BD200106277 /* Realm ChatTests.xctest */ = {isa = PBXFileReference; explicitFileType = wrapper.cfbundle; includeInIndex = 0; path = "Realm ChatTests.xctest"; sourceTree = BUILT_PRODUCTS_DIR; };
		A271E5391AFB4BD200106277 /* Info.plist */ = {isa = PBXFileReference; lastKnownFileType = text.plist.xml; path = Info.plist; sourceTree = "<group>"; };
		A271E53A1AFB4BD200106277 /* Realm_ChatTests.m */ = {isa = PBXFileReference; lastKnownFileType = sourcecode.c.objc; path = Realm_ChatTests.m; sourceTree = "<group>"; };
		A2BC0B2A1AFB4FD50082ADF3 /* Bolts.framework */ = {isa = PBXFileReference; lastKnownFileType = wrapper.framework; path = Bolts.framework; sourceTree = "<group>"; };
		A2BC0B2E1AFB50140082ADF3 /* AudioToolbox.framework */ = {isa = PBXFileReference; lastKnownFileType = wrapper.framework; name = AudioToolbox.framework; path = System/Library/Frameworks/AudioToolbox.framework; sourceTree = SDKROOT; };
		A2BC0B301AFB50200082ADF3 /* CFNetwork.framework */ = {isa = PBXFileReference; lastKnownFileType = wrapper.framework; name = CFNetwork.framework; path = System/Library/Frameworks/CFNetwork.framework; sourceTree = SDKROOT; };
		A2BC0B321AFB50280082ADF3 /* CoreGraphics.framework */ = {isa = PBXFileReference; lastKnownFileType = wrapper.framework; name = CoreGraphics.framework; path = System/Library/Frameworks/CoreGraphics.framework; sourceTree = SDKROOT; };
		A2BC0B341AFB502D0082ADF3 /* CoreLocation.framework */ = {isa = PBXFileReference; lastKnownFileType = wrapper.framework; name = CoreLocation.framework; path = System/Library/Frameworks/CoreLocation.framework; sourceTree = SDKROOT; };
		A2BC0B361AFB50390082ADF3 /* MobileCoreServices.framework */ = {isa = PBXFileReference; lastKnownFileType = wrapper.framework; name = MobileCoreServices.framework; path = System/Library/Frameworks/MobileCoreServices.framework; sourceTree = SDKROOT; };
		A2BC0B381AFB50440082ADF3 /* QuartzCore.framework */ = {isa = PBXFileReference; lastKnownFileType = wrapper.framework; name = QuartzCore.framework; path = System/Library/Frameworks/QuartzCore.framework; sourceTree = SDKROOT; };
		A2BC0B3A1AFB504E0082ADF3 /* Security.framework */ = {isa = PBXFileReference; lastKnownFileType = wrapper.framework; name = Security.framework; path = System/Library/Frameworks/Security.framework; sourceTree = SDKROOT; };
		A2BC0B3C1AFB50540082ADF3 /* StoreKit.framework */ = {isa = PBXFileReference; lastKnownFileType = wrapper.framework; name = StoreKit.framework; path = System/Library/Frameworks/StoreKit.framework; sourceTree = SDKROOT; };
		A2BC0B3E1AFB50640082ADF3 /* SystemConfiguration.framework */ = {isa = PBXFileReference; lastKnownFileType = wrapper.framework; name = SystemConfiguration.framework; path = System/Library/Frameworks/SystemConfiguration.framework; sourceTree = SDKROOT; };
		A2BC0B401AFB50720082ADF3 /* libz.1.1.3.dylib */ = {isa = PBXFileReference; lastKnownFileType = "compiled.mach-o.dylib"; name = libz.1.1.3.dylib; path = usr/lib/libz.1.1.3.dylib; sourceTree = SDKROOT; };
		A2BC0B421AFB507F0082ADF3 /* libsqlite3.dylib */ = {isa = PBXFileReference; lastKnownFileType = "compiled.mach-o.dylib"; name = libsqlite3.dylib; path = usr/lib/libsqlite3.dylib; sourceTree = SDKROOT; };
/* End PBXFileReference section */

/* Begin PBXFrameworksBuildPhase section */
		A271E5181AFB4BD200106277 /* Frameworks */ = {
			isa = PBXFrameworksBuildPhase;
			buildActionMask = 2147483647;
			files = (
				A2BC0B441AFB50C50082ADF3 /* libsqlite3.dylib in Frameworks */,
				A2BC0B451AFB50C50082ADF3 /* libz.1.1.3.dylib in Frameworks */,
				A2BC0B461AFB50C50082ADF3 /* SystemConfiguration.framework in Frameworks */,
				A2BC0B471AFB50C50082ADF3 /* StoreKit.framework in Frameworks */,
				A2BC0B481AFB50C50082ADF3 /* Security.framework in Frameworks */,
				A2BC0B491AFB50C50082ADF3 /* QuartzCore.framework in Frameworks */,
				A209F06C1AFDE889003BEC27 /* Parse.framework in Frameworks */,
				A2BC0B4A1AFB50C50082ADF3 /* MobileCoreServices.framework in Frameworks */,
				A2BC0B4B1AFB50C50082ADF3 /* CoreLocation.framework in Frameworks */,
				A2BC0B4C1AFB50C50082ADF3 /* CoreGraphics.framework in Frameworks */,
				A2BC0B4D1AFB50C50082ADF3 /* CFNetwork.framework in Frameworks */,
				A2BC0B4E1AFB50C50082ADF3 /* AudioToolbox.framework in Frameworks */,
				A2BC0B2C1AFB4FD50082ADF3 /* Bolts.framework in Frameworks */,
			);
			runOnlyForDeploymentPostprocessing = 0;
		};
		A271E5311AFB4BD200106277 /* Frameworks */ = {
			isa = PBXFrameworksBuildPhase;
			buildActionMask = 2147483647;
			files = (
			);
			runOnlyForDeploymentPostprocessing = 0;
		};
/* End PBXFrameworksBuildPhase section */

/* Begin PBXGroup section */
		A26C31631AFC6FF600D27059 /* Chat */ = {
			isa = PBXGroup;
			children = (
				A22E67311AFDC3080075DE37 /* Reachability.h */,
				A22E67321AFDC3080075DE37 /* Reachability.m */,
				A26C315B1AFC6F8100D27059 /* ChatViewController.h */,
				A26C315C1AFC6F8100D27059 /* ChatViewController.m */,
				A26C315E1AFC6FEB00D27059 /* ChatCell.h */,
				A26C315F1AFC6FEB00D27059 /* ChatCell.m */,
			);
			name = Chat;
			sourceTree = "<group>";
		};
		A26C31641AFC700400D27059 /* Home */ = {
			isa = PBXGroup;
			children = (
				A271E5251AFB4BD200106277 /* HomeViewController.h */,
				A271E5261AFB4BD200106277 /* HomeViewController.m */,
			);
			name = Home;
			sourceTree = "<group>";
		};
		A271E5121AFB4BD200106277 = {
			isa = PBXGroup;
			children = (
				A271E51D1AFB4BD200106277 /* Realm Chat */,
				A271E5371AFB4BD200106277 /* Realm ChatTests */,
				A271E51C1AFB4BD200106277 /* Products */,
			);
			sourceTree = "<group>";
		};
		A271E51C1AFB4BD200106277 /* Products */ = {
			isa = PBXGroup;
			children = (
				A271E51B1AFB4BD200106277 /* Realm Chat.app */,
				A271E5341AFB4BD200106277 /* Realm ChatTests.xctest */,
			);
			name = Products;
			sourceTree = "<group>";
		};
		A271E51D1AFB4BD200106277 /* Realm Chat */ = {
			isa = PBXGroup;
			children = (
				A2BC0B291AFB4FC10082ADF3 /* Parse */,
				A271E5221AFB4BD200106277 /* AppDelegate.h */,
				A271E5231AFB4BD200106277 /* AppDelegate.m */,
				A26C31641AFC700400D27059 /* Home */,
				A26C31631AFC6FF600D27059 /* Chat */,
				A271E5281AFB4BD200106277 /* Main.storyboard */,
				A271E52B1AFB4BD200106277 /* Images.xcassets */,
				A271E52D1AFB4BD200106277 /* LaunchScreen.xib */,
				A271E51E1AFB4BD200106277 /* Supporting Files */,
			);
			path = "Realm Chat";
			sourceTree = "<group>";
		};
		A271E51E1AFB4BD200106277 /* Supporting Files */ = {
			isa = PBXGroup;
			children = (
				A271E51F1AFB4BD200106277 /* Info.plist */,
				A271E5201AFB4BD200106277 /* main.m */,
			);
			name = "Supporting Files";
			sourceTree = "<group>";
		};
		A271E5371AFB4BD200106277 /* Realm ChatTests */ = {
			isa = PBXGroup;
			children = (
				A271E53A1AFB4BD200106277 /* Realm_ChatTests.m */,
				A271E5381AFB4BD200106277 /* Supporting Files */,
			);
			path = "Realm ChatTests";
			sourceTree = "<group>";
		};
		A271E5381AFB4BD200106277 /* Supporting Files */ = {
			isa = PBXGroup;
			children = (
				A271E5391AFB4BD200106277 /* Info.plist */,
			);
			name = "Supporting Files";
			sourceTree = "<group>";
		};
		A2BC0B291AFB4FC10082ADF3 /* Parse */ = {
			isa = PBXGroup;
			children = (
				A209F06B1AFDE889003BEC27 /* Parse.framework */,
				A2BC0B421AFB507F0082ADF3 /* libsqlite3.dylib */,
				A2BC0B401AFB50720082ADF3 /* libz.1.1.3.dylib */,
				A2BC0B3E1AFB50640082ADF3 /* SystemConfiguration.framework */,
				A2BC0B3C1AFB50540082ADF3 /* StoreKit.framework */,
				A2BC0B3A1AFB504E0082ADF3 /* Security.framework */,
				A2BC0B381AFB50440082ADF3 /* QuartzCore.framework */,
				A2BC0B361AFB50390082ADF3 /* MobileCoreServices.framework */,
				A2BC0B341AFB502D0082ADF3 /* CoreLocation.framework */,
				A2BC0B321AFB50280082ADF3 /* CoreGraphics.framework */,
				A2BC0B301AFB50200082ADF3 /* CFNetwork.framework */,
				A2BC0B2E1AFB50140082ADF3 /* AudioToolbox.framework */,
				A2BC0B2A1AFB4FD50082ADF3 /* Bolts.framework */,
			);
			name = Parse;
			sourceTree = "<group>";
		};
/* End PBXGroup section */

/* Begin PBXNativeTarget section */
		A271E51A1AFB4BD200106277 /* Realm Chat */ = {
			isa = PBXNativeTarget;
			buildConfigurationList = A271E53E1AFB4BD200106277 /* Build configuration list for PBXNativeTarget "Realm Chat" */;
			buildPhases = (
				A271E5171AFB4BD200106277 /* Sources */,
				A271E5181AFB4BD200106277 /* Frameworks */,
				A271E5191AFB4BD200106277 /* Resources */,
			);
			buildRules = (
			);
			dependencies = (
			);
			name = "Realm Chat";
			productName = "Realm Chat";
			productReference = A271E51B1AFB4BD200106277 /* Realm Chat.app */;
			productType = "com.apple.product-type.application";
		};
		A271E5331AFB4BD200106277 /* Realm ChatTests */ = {
			isa = PBXNativeTarget;
			buildConfigurationList = A271E5411AFB4BD200106277 /* Build configuration list for PBXNativeTarget "Realm ChatTests" */;
			buildPhases = (
				A271E5301AFB4BD200106277 /* Sources */,
				A271E5311AFB4BD200106277 /* Frameworks */,
				A271E5321AFB4BD200106277 /* Resources */,
			);
			buildRules = (
			);
			dependencies = (
				A271E5361AFB4BD200106277 /* PBXTargetDependency */,
			);
			name = "Realm ChatTests";
			productName = "Realm ChatTests";
			productReference = A271E5341AFB4BD200106277 /* Realm ChatTests.xctest */;
			productType = "com.apple.product-type.bundle.unit-test";
		};
/* End PBXNativeTarget section */

/* Begin PBXProject section */
		A271E5131AFB4BD200106277 /* Project object */ = {
			isa = PBXProject;
			attributes = {
				LastUpgradeCheck = 0630;
				ORGANIZATIONNAME = "Mohamed EL Meseery";
				TargetAttributes = {
					A271E51A1AFB4BD200106277 = {
						CreatedOnToolsVersion = 6.3.1;
						DevelopmentTeam = 36C5PY3HAP;
					};
					A271E5331AFB4BD200106277 = {
						CreatedOnToolsVersion = 6.3.1;
						TestTargetID = A271E51A1AFB4BD200106277;
					};
				};
			};
			buildConfigurationList = A271E5161AFB4BD200106277 /* Build configuration list for PBXProject "Realm Chat" */;
			compatibilityVersion = "Xcode 3.2";
			developmentRegion = English;
			hasScannedForEncodings = 0;
			knownRegions = (
				en,
				Base,
			);
			mainGroup = A271E5121AFB4BD200106277;
			productRefGroup = A271E51C1AFB4BD200106277 /* Products */;
			projectDirPath = "";
			projectRoot = "";
			targets = (
				A271E51A1AFB4BD200106277 /* Realm Chat */,
				A271E5331AFB4BD200106277 /* Realm ChatTests */,
			);
		};
/* End PBXProject section */

/* Begin PBXResourcesBuildPhase section */
		A271E5191AFB4BD200106277 /* Resources */ = {
			isa = PBXResourcesBuildPhase;
			buildActionMask = 2147483647;
			files = (
				A271E52A1AFB4BD200106277 /* Main.storyboard in Resources */,
				A271E52F1AFB4BD200106277 /* LaunchScreen.xib in Resources */,
				A271E52C1AFB4BD200106277 /* Images.xcassets in Resources */,
			);
			runOnlyForDeploymentPostprocessing = 0;
		};
		A271E5321AFB4BD200106277 /* Resources */ = {
			isa = PBXResourcesBuildPhase;
			buildActionMask = 2147483647;
			files = (
			);
			runOnlyForDeploymentPostprocessing = 0;
		};
/* End PBXResourcesBuildPhase section */

/* Begin PBXSourcesBuildPhase section */
		A271E5171AFB4BD200106277 /* Sources */ = {
			isa = PBXSourcesBuildPhase;
			buildActionMask = 2147483647;
			files = (
				A271E5271AFB4BD200106277 /* HomeViewController.m in Sources */,
				A271E5241AFB4BD200106277 /* AppDelegate.m in Sources */,
				A26C315D1AFC6F8100D27059 /* ChatViewController.m in Sources */,
				A26C31611AFC6FEB00D27059 /* ChatCell.m in Sources */,
				A22E67331AFDC3080075DE37 /* Reachability.m in Sources */,
				A271E5211AFB4BD200106277 /* main.m in Sources */,
			);
			runOnlyForDeploymentPostprocessing = 0;
		};
		A271E5301AFB4BD200106277 /* Sources */ = {
			isa = PBXSourcesBuildPhase;
			buildActionMask = 2147483647;
			files = (
				A271E53B1AFB4BD200106277 /* Realm_ChatTests.m in Sources */,
			);
			runOnlyForDeploymentPostprocessing = 0;
		};
/* End PBXSourcesBuildPhase section */

/* Begin PBXTargetDependency section */
		A271E5361AFB4BD200106277 /* PBXTargetDependency */ = {
			isa = PBXTargetDependency;
			target = A271E51A1AFB4BD200106277 /* Realm Chat */;
			targetProxy = A271E5351AFB4BD200106277 /* PBXContainerItemProxy */;
		};
/* End PBXTargetDependency section */

/* Begin PBXVariantGroup section */
		A271E5281AFB4BD200106277 /* Main.storyboard */ = {
			isa = PBXVariantGroup;
			children = (
				A271E5291AFB4BD200106277 /* Base */,
			);
			name = Main.storyboard;
			sourceTree = "<group>";
		};
		A271E52D1AFB4BD200106277 /* LaunchScreen.xib */ = {
			isa = PBXVariantGroup;
			children = (
				A271E52E1AFB4BD200106277 /* Base */,
			);
			name = LaunchScreen.xib;
			sourceTree = "<group>";
		};
/* End PBXVariantGroup section */

/* Begin XCBuildConfiguration section */
		A271E53C1AFB4BD200106277 /* Debug */ = {
			isa = XCBuildConfiguration;
			buildSettings = {
				ALWAYS_SEARCH_USER_PATHS = NO;
				CLANG_CXX_LANGUAGE_STANDARD = "gnu++0x";
				CLANG_CXX_LIBRARY = "libc++";
				CLANG_ENABLE_MODULES = YES;
				CLANG_ENABLE_OBJC_ARC = YES;
				CLANG_WARN_BOOL_CONVERSION = YES;
				CLANG_WARN_CONSTANT_CONVERSION = YES;
				CLANG_WARN_DIRECT_OBJC_ISA_USAGE = YES_ERROR;
				CLANG_WARN_EMPTY_BODY = YES;
				CLANG_WARN_ENUM_CONVERSION = YES;
				CLANG_WARN_INT_CONVERSION = YES;
				CLANG_WARN_OBJC_ROOT_CLASS = YES_ERROR;
				CLANG_WARN_UNREACHABLE_CODE = YES;
				CLANG_WARN__DUPLICATE_METHOD_MATCH = YES;
				"CODE_SIGN_IDENTITY[sdk=iphoneos*]" = "iPhone Developer";
				COPY_PHASE_STRIP = NO;
				DEBUG_INFORMATION_FORMAT = "dwarf-with-dsym";
				ENABLE_STRICT_OBJC_MSGSEND = YES;
				GCC_C_LANGUAGE_STANDARD = gnu99;
				GCC_DYNAMIC_NO_PIC = NO;
				GCC_NO_COMMON_BLOCKS = YES;
				GCC_OPTIMIZATION_LEVEL = 0;
				GCC_PREPROCESSOR_DEFINITIONS = (
					"DEBUG=1",
					"$(inherited)",
				);
				GCC_SYMBOLS_PRIVATE_EXTERN = NO;
				GCC_WARN_64_TO_32_BIT_CONVERSION = YES;
				GCC_WARN_ABOUT_RETURN_TYPE = YES_ERROR;
				GCC_WARN_UNDECLARED_SELECTOR = YES;
				GCC_WARN_UNINITIALIZED_AUTOS = YES_AGGRESSIVE;
				GCC_WARN_UNUSED_FUNCTION = YES;
				GCC_WARN_UNUSED_VARIABLE = YES;
				IPHONEOS_DEPLOYMENT_TARGET = 8.3;
				MTL_ENABLE_DEBUG_INFO = YES;
				ONLY_ACTIVE_ARCH = YES;
				SDKROOT = iphoneos;
			};
			name = Debug;
		};
		A271E53D1AFB4BD200106277 /* Release */ = {
			isa = XCBuildConfiguration;
			buildSettings = {
				ALWAYS_SEARCH_USER_PATHS = NO;
				CLANG_CXX_LANGUAGE_STANDARD = "gnu++0x";
				CLANG_CXX_LIBRARY = "libc++";
				CLANG_ENABLE_MODULES = YES;
				CLANG_ENABLE_OBJC_ARC = YES;
				CLANG_WARN_BOOL_CONVERSION = YES;
				CLANG_WARN_CONSTANT_CONVERSION = YES;
				CLANG_WARN_DIRECT_OBJC_ISA_USAGE = YES_ERROR;
				CLANG_WARN_EMPTY_BODY = YES;
				CLANG_WARN_ENUM_CONVERSION = YES;
				CLANG_WARN_INT_CONVERSION = YES;
				CLANG_WARN_OBJC_ROOT_CLASS = YES_ERROR;
				CLANG_WARN_UNREACHABLE_CODE = YES;
				CLANG_WARN__DUPLICATE_METHOD_MATCH = YES;
				"CODE_SIGN_IDENTITY[sdk=iphoneos*]" = "iPhone Developer";
				COPY_PHASE_STRIP = NO;
				DEBUG_INFORMATION_FORMAT = "dwarf-with-dsym";
				ENABLE_NS_ASSERTIONS = NO;
				ENABLE_STRICT_OBJC_MSGSEND = YES;
				GCC_C_LANGUAGE_STANDARD = gnu99;
				GCC_NO_COMMON_BLOCKS = YES;
				GCC_WARN_64_TO_32_BIT_CONVERSION = YES;
				GCC_WARN_ABOUT_RETURN_TYPE = YES_ERROR;
				GCC_WARN_UNDECLARED_SELECTOR = YES;
				GCC_WARN_UNINITIALIZED_AUTOS = YES_AGGRESSIVE;
				GCC_WARN_UNUSED_FUNCTION = YES;
				GCC_WARN_UNUSED_VARIABLE = YES;
				IPHONEOS_DEPLOYMENT_TARGET = 8.3;
				MTL_ENABLE_DEBUG_INFO = NO;
				SDKROOT = iphoneos;
				VALIDATE_PRODUCT = YES;
			};
			name = Release;
		};
		A271E53F1AFB4BD200106277 /* Debug */ = {
			isa = XCBuildConfiguration;
			buildSettings = {
				ASSETCATALOG_COMPILER_APPICON_NAME = AppIcon;
				CODE_SIGN_IDENTITY = "iPhone Developer: Mohammed ELMeseery (745W65A3NE)";
				FRAMEWORK_SEARCH_PATHS = (
					"$(inherited)",
					"$(PROJECT_DIR)/Realm",
					Chat,
					"$(PROJECT_DIR)/Realm",
					Chat,
					"$(PROJECT_DIR)/Realm",
					Chat,
					"$(PROJECT_DIR)/Realm",
					Chat,
				);
				INFOPLIST_FILE = "Realm Chat/Info.plist";
				IPHONEOS_DEPLOYMENT_TARGET = 7.0;
				LD_RUNPATH_SEARCH_PATHS = "$(inherited) @executable_path/Frameworks";
				PRODUCT_NAME = "$(TARGET_NAME)";
				PROVISIONING_PROFILE = "fc7c6a2f-c063-4aa8-a5ac-94078f2cc4c4";
			};
			name = Debug;
		};
		A271E5401AFB4BD200106277 /* Release */ = {
			isa = XCBuildConfiguration;
			buildSettings = {
				ASSETCATALOG_COMPILER_APPICON_NAME = AppIcon;
				CODE_SIGN_IDENTITY = "iPhone Developer: Mohammed ELMeseery (745W65A3NE)";
				FRAMEWORK_SEARCH_PATHS = (
					"$(inherited)",
					"$(PROJECT_DIR)/Realm",
					Chat,
					"$(PROJECT_DIR)/Realm",
					Chat,
					"$(PROJECT_DIR)/Realm",
					Chat,
					"$(PROJECT_DIR)/Realm",
					Chat,
				);
				INFOPLIST_FILE = "Realm Chat/Info.plist";
				IPHONEOS_DEPLOYMENT_TARGET = 7.0;
				LD_RUNPATH_SEARCH_PATHS = "$(inherited) @executable_path/Frameworks";
				PRODUCT_NAME = "$(TARGET_NAME)";
				PROVISIONING_PROFILE = "fc7c6a2f-c063-4aa8-a5ac-94078f2cc4c4";
			};
			name = Release;
		};
		A271E5421AFB4BD200106277 /* Debug */ = {
			isa = XCBuildConfiguration;
			buildSettings = {
				BUNDLE_LOADER = "$(TEST_HOST)";
				FRAMEWORK_SEARCH_PATHS = (
					"$(SDKROOT)/Developer/Library/Frameworks",
					"$(inherited)",
				);
				GCC_PREPROCESSOR_DEFINITIONS = (
					"DEBUG=1",
					"$(inherited)",
				);
				INFOPLIST_FILE = "Realm ChatTests/Info.plist";
				LD_RUNPATH_SEARCH_PATHS = "$(inherited) @executable_path/Frameworks @loader_path/Frameworks";
				PRODUCT_NAME = "$(TARGET_NAME)";
				TEST_HOST = "$(BUILT_PRODUCTS_DIR)/Realm Chat.app/Realm Chat";
			};
			name = Debug;
		};
		A271E5431AFB4BD200106277 /* Release */ = {
			isa = XCBuildConfiguration;
			buildSettings = {
				BUNDLE_LOADER = "$(TEST_HOST)";
				FRAMEWORK_SEARCH_PATHS = (
					"$(SDKROOT)/Developer/Library/Frameworks",
					"$(inherited)",
				);
				INFOPLIST_FILE = "Realm ChatTests/Info.plist";
				LD_RUNPATH_SEARCH_PATHS = "$(inherited) @executable_path/Frameworks @loader_path/Frameworks";
				PRODUCT_NAME = "$(TARGET_NAME)";
				TEST_HOST = "$(BUILT_PRODUCTS_DIR)/Realm Chat.app/Realm Chat";
			};
			name = Release;
		};
/* End XCBuildConfiguration section */

/* Begin XCConfigurationList section */
		A271E5161AFB4BD200106277 /* Build configuration list for PBXProject "Realm Chat" */ = {
			isa = XCConfigurationList;
			buildConfigurations = (
				A271E53C1AFB4BD200106277 /* Debug */,
				A271E53D1AFB4BD200106277 /* Release */,
			);
			defaultConfigurationIsVisible = 0;
			defaultConfigurationName = Release;
		};
		A271E53E1AFB4BD200106277 /* Build configuration list for PBXNativeTarget "Realm Chat" */ = {
			isa = XCConfigurationList;
			buildConfigurations = (
				A271E53F1AFB4BD200106277 /* Debug */,
				A271E5401AFB4BD200106277 /* Release */,
			);
			defaultConfigurationIsVisible = 0;
			defaultConfigurationName = Release;
		};
		A271E5411AFB4BD200106277 /* Build configuration list for PBXNativeTarget "Realm ChatTests" */ = {
			isa = XCConfigurationList;
			buildConfigurations = (
				A271E5421AFB4BD200106277 /* Debug */,
				A271E5431AFB4BD200106277 /* Release */,
			);
			defaultConfigurationIsVisible = 0;
			defaultConfigurationName = Release;
		};
/* End XCConfigurationList section */
	};
	rootObject = A271E5131AFB4BD200106277 /* Project object */;
}
